// !$*UTF8*$!
{
	archiveVersion = 1;
	classes = {
	};
	objectVersion = 56;
	objects = {

/* Begin PBXBuildFile section */
		95CB97C42C909989004F7C00 /* PaymentDetailsListApp.swift in Sources */ = {isa = PBXBuildFile; fileRef = 95CB97C32C909989004F7C00 /* PaymentDetailsListApp.swift */; };
		95CB97C62C909989004F7C00 /* ContentView.swift in Sources */ = {isa = PBXBuildFile; fileRef = 95CB97C52C909989004F7C00 /* ContentView.swift */; };
		95CB97C82C90998B004F7C00 /* Assets.xcassets in Resources */ = {isa = PBXBuildFile; fileRef = 95CB97C72C90998B004F7C00 /* Assets.xcassets */; };
		95CB97CB2C90998B004F7C00 /* Preview Assets.xcassets in Resources */ = {isa = PBXBuildFile; fileRef = 95CB97CA2C90998B004F7C00 /* Preview Assets.xcassets */; };
		95CB97D52C90998B004F7C00 /* PaymentDetailsListTests.swift in Sources */ = {isa = PBXBuildFile; fileRef = 95CB97D42C90998B004F7C00 /* PaymentDetailsListTests.swift */; };
		95CB97DF2C90998B004F7C00 /* PaymentDetailsListUITests.swift in Sources */ = {isa = PBXBuildFile; fileRef = 95CB97DE2C90998B004F7C00 /* PaymentDetailsListUITests.swift */; };
		95CB97E12C90998B004F7C00 /* PaymentDetailsListUITestsLaunchTests.swift in Sources */ = {isa = PBXBuildFile; fileRef = 95CB97E02C90998B004F7C00 /* PaymentDetailsListUITestsLaunchTests.swift */; };
		95CB97EE2C9099C2004F7C00 /* PaymentMasterCardView.swift in Sources */ = {isa = PBXBuildFile; fileRef = 95CB97ED2C9099C2004F7C00 /* PaymentMasterCardView.swift */; };
		95CB97F02C909CA5004F7C00 /* HeaderView.swift in Sources */ = {isa = PBXBuildFile; fileRef = 95CB97EF2C909CA5004F7C00 /* HeaderView.swift */; };
		95CB97F22C90B285004F7C00 /* SendMoneyView.swift in Sources */ = {isa = PBXBuildFile; fileRef = 95CB97F12C90B285004F7C00 /* SendMoneyView.swift */; };
		95CB97F52C914B94004F7C00 /* ListViewDetails.swift in Sources */ = {isa = PBXBuildFile; fileRef = 95CB97F42C914B94004F7C00 /* ListViewDetails.swift */; };
		95CB97F82C914C93004F7C00 /* CellRowSubcriptionPlanPanding.swift in Sources */ = {isa = PBXBuildFile; fileRef = 95CB97F72C914C93004F7C00 /* CellRowSubcriptionPlanPanding.swift */; };
		95CB97FA2C9151E9004F7C00 /* CellRowSubcribtionPlan.swift in Sources */ = {isa = PBXBuildFile; fileRef = 95CB97F92C9151E9004F7C00 /* CellRowSubcribtionPlan.swift */; };
/* End PBXBuildFile section */

/* Begin PBXContainerItemProxy section */
		95CB97D12C90998B004F7C00 /* PBXContainerItemProxy */ = {
			isa = PBXContainerItemProxy;
			containerPortal = 95CB97B82C909989004F7C00 /* Project object */;
			proxyType = 1;
			remoteGlobalIDString = 95CB97BF2C909989004F7C00;
			remoteInfo = PaymentDetailsList;
		};
		95CB97DB2C90998B004F7C00 /* PBXContainerItemProxy */ = {
			isa = PBXContainerItemProxy;
			containerPortal = 95CB97B82C909989004F7C00 /* Project object */;
			proxyType = 1;
			remoteGlobalIDString = 95CB97BF2C909989004F7C00;
			remoteInfo = PaymentDetailsList;
		};
/* End PBXContainerItemProxy section */

/* Begin PBXFileReference section */
		95CB97C02C909989004F7C00 /* PaymentDetailsList.app */ = {isa = PBXFileReference; explicitFileType = wrapper.application; includeInIndex = 0; path = PaymentDetailsList.app; sourceTree = BUILT_PRODUCTS_DIR; };
		95CB97C32C909989004F7C00 /* PaymentDetailsListApp.swift */ = {isa = PBXFileReference; lastKnownFileType = sourcecode.swift; path = PaymentDetailsListApp.swift; sourceTree = "<group>"; };
		95CB97C52C909989004F7C00 /* ContentView.swift */ = {isa = PBXFileReference; lastKnownFileType = sourcecode.swift; path = ContentView.swift; sourceTree = "<group>"; };
		95CB97C72C90998B004F7C00 /* Assets.xcassets */ = {isa = PBXFileReference; lastKnownFileType = folder.assetcatalog; path = Assets.xcassets; sourceTree = "<group>"; };
		95CB97CA2C90998B004F7C00 /* Preview Assets.xcassets */ = {isa = PBXFileReference; lastKnownFileType = folder.assetcatalog; path = "Preview Assets.xcassets"; sourceTree = "<group>"; };
		95CB97D02C90998B004F7C00 /* PaymentDetailsListTests.xctest */ = {isa = PBXFileReference; explicitFileType = wrapper.cfbundle; includeInIndex = 0; path = PaymentDetailsListTests.xctest; sourceTree = BUILT_PRODUCTS_DIR; };
		95CB97D42C90998B004F7C00 /* PaymentDetailsListTests.swift */ = {isa = PBXFileReference; lastKnownFileType = sourcecode.swift; path = PaymentDetailsListTests.swift; sourceTree = "<group>"; };
		95CB97DA2C90998B004F7C00 /* PaymentDetailsListUITests.xctest */ = {isa = PBXFileReference; explicitFileType = wrapper.cfbundle; includeInIndex = 0; path = PaymentDetailsListUITests.xctest; sourceTree = BUILT_PRODUCTS_DIR; };
		95CB97DE2C90998B004F7C00 /* PaymentDetailsListUITests.swift */ = {isa = PBXFileReference; lastKnownFileType = sourcecode.swift; path = PaymentDetailsListUITests.swift; sourceTree = "<group>"; };
		95CB97E02C90998B004F7C00 /* PaymentDetailsListUITestsLaunchTests.swift */ = {isa = PBXFileReference; lastKnownFileType = sourcecode.swift; path = PaymentDetailsListUITestsLaunchTests.swift; sourceTree = "<group>"; };
		95CB97ED2C9099C2004F7C00 /* PaymentMasterCardView.swift */ = {isa = PBXFileReference; lastKnownFileType = sourcecode.swift; path = PaymentMasterCardView.swift; sourceTree = "<group>"; };
		95CB97EF2C909CA5004F7C00 /* HeaderView.swift */ = {isa = PBXFileReference; lastKnownFileType = sourcecode.swift; path = HeaderView.swift; sourceTree = "<group>"; };
		95CB97F12C90B285004F7C00 /* SendMoneyView.swift */ = {isa = PBXFileReference; lastKnownFileType = sourcecode.swift; path = SendMoneyView.swift; sourceTree = "<group>"; };
		95CB97F42C914B94004F7C00 /* ListViewDetails.swift */ = {isa = PBXFileReference; lastKnownFileType = sourcecode.swift; path = ListViewDetails.swift; sourceTree = "<group>"; };
		95CB97F72C914C93004F7C00 /* CellRowSubcriptionPlanPanding.swift */ = {isa = PBXFileReference; lastKnownFileType = sourcecode.swift; path = CellRowSubcriptionPlanPanding.swift; sourceTree = "<group>"; };
		95CB97F92C9151E9004F7C00 /* CellRowSubcribtionPlan.swift */ = {isa = PBXFileReference; lastKnownFileType = sourcecode.swift; path = CellRowSubcribtionPlan.swift; sourceTree = "<group>"; };
/* End PBXFileReference section */

/* Begin PBXFrameworksBuildPhase section */
		95CB97BD2C909989004F7C00 /* Frameworks */ = {
			isa = PBXFrameworksBuildPhase;
			buildActionMask = 2147483647;
			files = (
			);
			runOnlyForDeploymentPostprocessing = 0;
		};
		95CB97CD2C90998B004F7C00 /* Frameworks */ = {
			isa = PBXFrameworksBuildPhase;
			buildActionMask = 2147483647;
			files = (
			);
			runOnlyForDeploymentPostprocessing = 0;
		};
		95CB97D72C90998B004F7C00 /* Frameworks */ = {
			isa = PBXFrameworksBuildPhase;
			buildActionMask = 2147483647;
			files = (
			);
			runOnlyForDeploymentPostprocessing = 0;
		};
/* End PBXFrameworksBuildPhase section */

/* Begin PBXGroup section */
		95CB97B72C909989004F7C00 = {
			isa = PBXGroup;
			children = (
				95CB97C22C909989004F7C00 /* PaymentDetailsList */,
				95CB97D32C90998B004F7C00 /* PaymentDetailsListTests */,
				95CB97DD2C90998B004F7C00 /* PaymentDetailsListUITests */,
				95CB97C12C909989004F7C00 /* Products */,
			);
			sourceTree = "<group>";
		};
		95CB97C12C909989004F7C00 /* Products */ = {
			isa = PBXGroup;
			children = (
				95CB97C02C909989004F7C00 /* PaymentDetailsList.app */,
				95CB97D02C90998B004F7C00 /* PaymentDetailsListTests.xctest */,
				95CB97DA2C90998B004F7C00 /* PaymentDetailsListUITests.xctest */,
			);
			name = Products;
			sourceTree = "<group>";
		};
		95CB97C22C909989004F7C00 /* PaymentDetailsList */ = {
			isa = PBXGroup;
			children = (
				95CB97C32C909989004F7C00 /* PaymentDetailsListApp.swift */,
				95CB97C52C909989004F7C00 /* ContentView.swift */,
				95CB97F32C90B2B4004F7C00 /* View */,
				95CB97C72C90998B004F7C00 /* Assets.xcassets */,
				95CB97C92C90998B004F7C00 /* Preview Content */,
			);
			path = PaymentDetailsList;
			sourceTree = "<group>";
		};
		95CB97C92C90998B004F7C00 /* Preview Content */ = {
			isa = PBXGroup;
			children = (
				95CB97CA2C90998B004F7C00 /* Preview Assets.xcassets */,
			);
			path = "Preview Content";
			sourceTree = "<group>";
		};
		95CB97D32C90998B004F7C00 /* PaymentDetailsListTests */ = {
			isa = PBXGroup;
			children = (
				95CB97D42C90998B004F7C00 /* PaymentDetailsListTests.swift */,
			);
			path = PaymentDetailsListTests;
			sourceTree = "<group>";
		};
		95CB97DD2C90998B004F7C00 /* PaymentDetailsListUITests */ = {
			isa = PBXGroup;
			children = (
				95CB97DE2C90998B004F7C00 /* PaymentDetailsListUITests.swift */,
				95CB97E02C90998B004F7C00 /* PaymentDetailsListUITestsLaunchTests.swift */,
			);
			path = PaymentDetailsListUITests;
			sourceTree = "<group>";
		};
		95CB97F32C90B2B4004F7C00 /* View */ = {
			isa = PBXGroup;
			children = (
				95CB97EF2C909CA5004F7C00 /* HeaderView.swift */,
				95CB97ED2C9099C2004F7C00 /* PaymentMasterCardView.swift */,
				95CB97F12C90B285004F7C00 /* SendMoneyView.swift */,
				95CB97F62C914C6C004F7C00 /* ListViewDetails */,
			);
			path = View;
			sourceTree = "<group>";
		};
		95CB97F62C914C6C004F7C00 /* ListViewDetails */ = {
			isa = PBXGroup;
			children = (
				95CB97F42C914B94004F7C00 /* ListViewDetails.swift */,
				95CB97F92C9151E9004F7C00 /* CellRowSubcribtionPlan.swift */,
				95CB97F72C914C93004F7C00 /* CellRowSubcriptionPlanPanding.swift */,
			);
			path = ListViewDetails;
			sourceTree = "<group>";
		};
/* End PBXGroup section */

/* Begin PBXNativeTarget section */
		95CB97BF2C909989004F7C00 /* PaymentDetailsList */ = {
			isa = PBXNativeTarget;
			buildConfigurationList = 95CB97E42C90998B004F7C00 /* Build configuration list for PBXNativeTarget "PaymentDetailsList" */;
			buildPhases = (
				95CB97BC2C909989004F7C00 /* Sources */,
				95CB97BD2C909989004F7C00 /* Frameworks */,
				95CB97BE2C909989004F7C00 /* Resources */,
			);
			buildRules = (
			);
			dependencies = (
			);
			name = PaymentDetailsList;
			productName = PaymentDetailsList;
			productReference = 95CB97C02C909989004F7C00 /* PaymentDetailsList.app */;
			productType = "com.apple.product-type.application";
		};
		95CB97CF2C90998B004F7C00 /* PaymentDetailsListTests */ = {
			isa = PBXNativeTarget;
			buildConfigurationList = 95CB97E72C90998B004F7C00 /* Build configuration list for PBXNativeTarget "PaymentDetailsListTests" */;
			buildPhases = (
				95CB97CC2C90998B004F7C00 /* Sources */,
				95CB97CD2C90998B004F7C00 /* Frameworks */,
				95CB97CE2C90998B004F7C00 /* Resources */,
			);
			buildRules = (
			);
			dependencies = (
				95CB97D22C90998B004F7C00 /* PBXTargetDependency */,
			);
			name = PaymentDetailsListTests;
			productName = PaymentDetailsListTests;
			productReference = 95CB97D02C90998B004F7C00 /* PaymentDetailsListTests.xctest */;
			productType = "com.apple.product-type.bundle.unit-test";
		};
		95CB97D92C90998B004F7C00 /* PaymentDetailsListUITests */ = {
			isa = PBXNativeTarget;
			buildConfigurationList = 95CB97EA2C90998B004F7C00 /* Build configuration list for PBXNativeTarget "PaymentDetailsListUITests" */;
			buildPhases = (
				95CB97D62C90998B004F7C00 /* Sources */,
				95CB97D72C90998B004F7C00 /* Frameworks */,
				95CB97D82C90998B004F7C00 /* Resources */,
			);
			buildRules = (
			);
			dependencies = (
				95CB97DC2C90998B004F7C00 /* PBXTargetDependency */,
			);
			name = PaymentDetailsListUITests;
			productName = PaymentDetailsListUITests;
			productReference = 95CB97DA2C90998B004F7C00 /* PaymentDetailsListUITests.xctest */;
			productType = "com.apple.product-type.bundle.ui-testing";
		};
/* End PBXNativeTarget section */

/* Begin PBXProject section */
		95CB97B82C909989004F7C00 /* Project object */ = {
			isa = PBXProject;
			attributes = {
				BuildIndependentTargetsInParallel = 1;
				LastSwiftUpdateCheck = 1520;
				LastUpgradeCheck = 1520;
				TargetAttributes = {
					95CB97BF2C909989004F7C00 = {
						CreatedOnToolsVersion = 15.2;
					};
					95CB97CF2C90998B004F7C00 = {
						CreatedOnToolsVersion = 15.2;
						TestTargetID = 95CB97BF2C909989004F7C00;
					};
					95CB97D92C90998B004F7C00 = {
						CreatedOnToolsVersion = 15.2;
						TestTargetID = 95CB97BF2C909989004F7C00;
					};
				};
			};
			buildConfigurationList = 95CB97BB2C909989004F7C00 /* Build configuration list for PBXProject "PaymentDetailsList" */;
			compatibilityVersion = "Xcode 14.0";
			developmentRegion = en;
			hasScannedForEncodings = 0;
			knownRegions = (
				en,
				Base,
			);
			mainGroup = 95CB97B72C909989004F7C00;
			productRefGroup = 95CB97C12C909989004F7C00 /* Products */;
			projectDirPath = "";
			projectRoot = "";
			targets = (
				95CB97BF2C909989004F7C00 /* PaymentDetailsList */,
				95CB97CF2C90998B004F7C00 /* PaymentDetailsListTests */,
				95CB97D92C90998B004F7C00 /* PaymentDetailsListUITests */,
			);
		};
/* End PBXProject section */

/* Begin PBXResourcesBuildPhase section */
		95CB97BE2C909989004F7C00 /* Resources */ = {
			isa = PBXResourcesBuildPhase;
			buildActionMask = 2147483647;
			files = (
				95CB97CB2C90998B004F7C00 /* Preview Assets.xcassets in Resources */,
				95CB97C82C90998B004F7C00 /* Assets.xcassets in Resources */,
			);
			runOnlyForDeploymentPostprocessing = 0;
		};
		95CB97CE2C90998B004F7C00 /* Resources */ = {
			isa = PBXResourcesBuildPhase;
			buildActionMask = 2147483647;
			files = (
			);
			runOnlyForDeploymentPostprocessing = 0;
		};
		95CB97D82C90998B004F7C00 /* Resources */ = {
			isa = PBXResourcesBuildPhase;
			buildActionMask = 2147483647;
			files = (
			);
			runOnlyForDeploymentPostprocessing = 0;
		};
/* End PBXResourcesBuildPhase section */

/* Begin PBXSourcesBuildPhase section */
		95CB97BC2C909989004F7C00 /* Sources */ = {
			isa = PBXSourcesBuildPhase;
			buildActionMask = 2147483647;
			files = (
				95CB97C62C909989004F7C00 /* ContentView.swift in Sources */,
				95CB97C42C909989004F7C00 /* PaymentDetailsListApp.swift in Sources */,
				95CB97FA2C9151E9004F7C00 /* CellRowSubcribtionPlan.swift in Sources */,
				95CB97EE2C9099C2004F7C00 /* PaymentMasterCardView.swift in Sources */,
				95CB97F82C914C93004F7C00 /* CellRowSubcriptionPlanPanding.swift in Sources */,
				95CB97F52C914B94004F7C00 /* ListViewDetails.swift in Sources */,
				95CB97F22C90B285004F7C00 /* SendMoneyView.swift in Sources */,
				95CB97F02C909CA5004F7C00 /* HeaderView.swift in Sources */,
			);
			runOnlyForDeploymentPostprocessing = 0;
		};
		95CB97CC2C90998B004F7C00 /* Sources */ = {
			isa = PBXSourcesBuildPhase;
			buildActionMask = 2147483647;
			files = (
				95CB97D52C90998B004F7C00 /* PaymentDetailsListTests.swift in Sources */,
			);
			runOnlyForDeploymentPostprocessing = 0;
		};
		95CB97D62C90998B004F7C00 /* Sources */ = {
			isa = PBXSourcesBuildPhase;
			buildActionMask = 2147483647;
			files = (
				95CB97E12C90998B004F7C00 /* PaymentDetailsListUITestsLaunchTests.swift in Sources */,
				95CB97DF2C90998B004F7C00 /* PaymentDetailsListUITests.swift in Sources */,
			);
			runOnlyForDeploymentPostprocessing = 0;
		};
/* End PBXSourcesBuildPhase section */

/* Begin PBXTargetDependency section */
		95CB97D22C90998B004F7C00 /* PBXTargetDependency */ = {
			isa = PBXTargetDependency;
			target = 95CB97BF2C909989004F7C00 /* PaymentDetailsList */;
			targetProxy = 95CB97D12C90998B004F7C00 /* PBXContainerItemProxy */;
		};
		95CB97DC2C90998B004F7C00 /* PBXTargetDependency */ = {
			isa = PBXTargetDependency;
			target = 95CB97BF2C909989004F7C00 /* PaymentDetailsList */;
			targetProxy = 95CB97DB2C90998B004F7C00 /* PBXContainerItemProxy */;
		};
/* End PBXTargetDependency section */

/* Begin XCBuildConfiguration section */
		95CB97E22C90998B004F7C00 /* Debug */ = {
			isa = XCBuildConfiguration;
			buildSettings = {
				ALWAYS_SEARCH_USER_PATHS = NO;
				ASSETCATALOG_COMPILER_GENERATE_SWIFT_ASSET_SYMBOL_EXTENSIONS = YES;
				CLANG_ANALYZER_NONNULL = YES;
				CLANG_ANALYZER_NUMBER_OBJECT_CONVERSION = YES_AGGRESSIVE;
				CLANG_CXX_LANGUAGE_STANDARD = "gnu++20";
				CLANG_ENABLE_MODULES = YES;
				CLANG_ENABLE_OBJC_ARC = YES;
				CLANG_ENABLE_OBJC_WEAK = YES;
				CLANG_WARN_BLOCK_CAPTURE_AUTORELEASING = YES;
				CLANG_WARN_BOOL_CONVERSION = YES;
				CLANG_WARN_COMMA = YES;
				CLANG_WARN_CONSTANT_CONVERSION = YES;
				CLANG_WARN_DEPRECATED_OBJC_IMPLEMENTATIONS = YES;
				CLANG_WARN_DIRECT_OBJC_ISA_USAGE = YES_ERROR;
				CLANG_WARN_DOCUMENTATION_COMMENTS = YES;
				CLANG_WARN_EMPTY_BODY = YES;
				CLANG_WARN_ENUM_CONVERSION = YES;
				CLANG_WARN_INFINITE_RECURSION = YES;
				CLANG_WARN_INT_CONVERSION = YES;
				CLANG_WARN_NON_LITERAL_NULL_CONVERSION = YES;
				CLANG_WARN_OBJC_IMPLICIT_RETAIN_SELF = YES;
				CLANG_WARN_OBJC_LITERAL_CONVERSION = YES;
				CLANG_WARN_OBJC_ROOT_CLASS = YES_ERROR;
				CLANG_WARN_QUOTED_INCLUDE_IN_FRAMEWORK_HEADER = YES;
				CLANG_WARN_RANGE_LOOP_ANALYSIS = YES;
				CLANG_WARN_STRICT_PROTOTYPES = YES;
				CLANG_WARN_SUSPICIOUS_MOVE = YES;
				CLANG_WARN_UNGUARDED_AVAILABILITY = YES_AGGRESSIVE;
				CLANG_WARN_UNREACHABLE_CODE = YES;
				CLANG_WARN__DUPLICATE_METHOD_MATCH = YES;
				COPY_PHASE_STRIP = NO;
				DEBUG_INFORMATION_FORMAT = dwarf;
				ENABLE_STRICT_OBJC_MSGSEND = YES;
				ENABLE_TESTABILITY = YES;
				ENABLE_USER_SCRIPT_SANDBOXING = YES;
				GCC_C_LANGUAGE_STANDARD = gnu17;
				GCC_DYNAMIC_NO_PIC = NO;
				GCC_NO_COMMON_BLOCKS = YES;
				GCC_OPTIMIZATION_LEVEL = 0;
				GCC_PREPROCESSOR_DEFINITIONS = (
					"DEBUG=1",
					"$(inherited)",
				);
				GCC_WARN_64_TO_32_BIT_CONVERSION = YES;
				GCC_WARN_ABOUT_RETURN_TYPE = YES_ERROR;
				GCC_WARN_UNDECLARED_SELECTOR = YES;
				GCC_WARN_UNINITIALIZED_AUTOS = YES_AGGRESSIVE;
				GCC_WARN_UNUSED_FUNCTION = YES;
				GCC_WARN_UNUSED_VARIABLE = YES;
				IPHONEOS_DEPLOYMENT_TARGET = 17.2;
				LOCALIZATION_PREFERS_STRING_CATALOGS = YES;
				MTL_ENABLE_DEBUG_INFO = INCLUDE_SOURCE;
				MTL_FAST_MATH = YES;
				ONLY_ACTIVE_ARCH = YES;
				SDKROOT = iphoneos;
				SWIFT_ACTIVE_COMPILATION_CONDITIONS = "DEBUG $(inherited)";
				SWIFT_OPTIMIZATION_LEVEL = "-Onone";
			};
			name = Debug;
		};
		95CB97E32C90998B004F7C00 /* Release */ = {
			isa = XCBuildConfiguration;
			buildSettings = {
				ALWAYS_SEARCH_USER_PATHS = NO;
				ASSETCATALOG_COMPILER_GENERATE_SWIFT_ASSET_SYMBOL_EXTENSIONS = YES;
				CLANG_ANALYZER_NONNULL = YES;
				CLANG_ANALYZER_NUMBER_OBJECT_CONVERSION = YES_AGGRESSIVE;
				CLANG_CXX_LANGUAGE_STANDARD = "gnu++20";
				CLANG_ENABLE_MODULES = YES;
				CLANG_ENABLE_OBJC_ARC = YES;
				CLANG_ENABLE_OBJC_WEAK = YES;
				CLANG_WARN_BLOCK_CAPTURE_AUTORELEASING = YES;
				CLANG_WARN_BOOL_CONVERSION = YES;
				CLANG_WARN_COMMA = YES;
				CLANG_WARN_CONSTANT_CONVERSION = YES;
				CLANG_WARN_DEPRECATED_OBJC_IMPLEMENTATIONS = YES;
				CLANG_WARN_DIRECT_OBJC_ISA_USAGE = YES_ERROR;
				CLANG_WARN_DOCUMENTATION_COMMENTS = YES;
				CLANG_WARN_EMPTY_BODY = YES;
				CLANG_WARN_ENUM_CONVERSION = YES;
				CLANG_WARN_INFINITE_RECURSION = YES;
				CLANG_WARN_INT_CONVERSION = YES;
				CLANG_WARN_NON_LITERAL_NULL_CONVERSION = YES;
				CLANG_WARN_OBJC_IMPLICIT_RETAIN_SELF = YES;
				CLANG_WARN_OBJC_LITERAL_CONVERSION = YES;
				CLANG_WARN_OBJC_ROOT_CLASS = YES_ERROR;
				CLANG_WARN_QUOTED_INCLUDE_IN_FRAMEWORK_HEADER = YES;
				CLANG_WARN_RANGE_LOOP_ANALYSIS = YES;
				CLANG_WARN_STRICT_PROTOTYPES = YES;
				CLANG_WARN_SUSPICIOUS_MOVE = YES;
				CLANG_WARN_UNGUARDED_AVAILABILITY = YES_AGGRESSIVE;
				CLANG_WARN_UNREACHABLE_CODE = YES;
				CLANG_WARN__DUPLICATE_METHOD_MATCH = YES;
				COPY_PHASE_STRIP = NO;
				DEBUG_INFORMATION_FORMAT = "dwarf-with-dsym";
				ENABLE_NS_ASSERTIONS = NO;
				ENABLE_STRICT_OBJC_MSGSEND = YES;
				ENABLE_USER_SCRIPT_SANDBOXING = YES;
				GCC_C_LANGUAGE_STANDARD = gnu17;
				GCC_NO_COMMON_BLOCKS = YES;
				GCC_WARN_64_TO_32_BIT_CONVERSION = YES;
				GCC_WARN_ABOUT_RETURN_TYPE = YES_ERROR;
				GCC_WARN_UNDECLARED_SELECTOR = YES;
				GCC_WARN_UNINITIALIZED_AUTOS = YES_AGGRESSIVE;
				GCC_WARN_UNUSED_FUNCTION = YES;
				GCC_WARN_UNUSED_VARIABLE = YES;
				IPHONEOS_DEPLOYMENT_TARGET = 17.2;
				LOCALIZATION_PREFERS_STRING_CATALOGS = YES;
				MTL_ENABLE_DEBUG_INFO = NO;
				MTL_FAST_MATH = YES;
				SDKROOT = iphoneos;
				SWIFT_COMPILATION_MODE = wholemodule;
				VALIDATE_PRODUCT = YES;
			};
			name = Release;
		};
		95CB97E52C90998B004F7C00 /* Debug */ = {
			isa = XCBuildConfiguration;
			buildSettings = {
				ASSETCATALOG_COMPILER_APPICON_NAME = AppIcon;
				ASSETCATALOG_COMPILER_GLOBAL_ACCENT_COLOR_NAME = AccentColor;
				CODE_SIGN_STYLE = Automatic;
				CURRENT_PROJECT_VERSION = 1;
				DEVELOPMENT_ASSET_PATHS = "\"PaymentDetailsList/Preview Content\"";
				ENABLE_PREVIEWS = YES;
				GENERATE_INFOPLIST_FILE = YES;
				INFOPLIST_KEY_UIApplicationSceneManifest_Generation = YES;
				INFOPLIST_KEY_UIApplicationSupportsIndirectInputEvents = YES;
				INFOPLIST_KEY_UILaunchScreen_Generation = YES;
				INFOPLIST_KEY_UISupportedInterfaceOrientations_iPad = "UIInterfaceOrientationPortrait UIInterfaceOrientationPortraitUpsideDown UIInterfaceOrientationLandscapeLeft UIInterfaceOrientationLandscapeRight";
				INFOPLIST_KEY_UISupportedInterfaceOrientations_iPhone = "UIInterfaceOrientationPortrait UIInterfaceOrientationLandscapeLeft UIInterfaceOrientationLandscapeRight";
				LD_RUNPATH_SEARCH_PATHS = (
					"$(inherited)",
					"@executable_path/Frameworks",
				);
				MARKETING_VERSION = 1.0;
				PRODUCT_BUNDLE_IDENTIFIER = KLM.PaymentDetailsList;
				PRODUCT_NAME = "$(TARGET_NAME)";
				SWIFT_EMIT_LOC_STRINGS = YES;
				SWIFT_VERSION = 5.0;
				TARGETED_DEVICE_FAMILY = "1,2";
			};
			name = Debug;
		};
		95CB97E62C90998B004F7C00 /* Release */ = {
			isa = XCBuildConfiguration;
			buildSettings = {
				ASSETCATALOG_COMPILER_APPICON_NAME = AppIcon;
				ASSETCATALOG_COMPILER_GLOBAL_ACCENT_COLOR_NAME = AccentColor;
				CODE_SIGN_STYLE = Automatic;
				CURRENT_PROJECT_VERSION = 1;
				DEVELOPMENT_ASSET_PATHS = "\"PaymentDetailsList/Preview Content\"";
				ENABLE_PREVIEWS = YES;
				GENERATE_INFOPLIST_FILE = YES;
				INFOPLIST_KEY_UIApplicationSceneManifest_Generation = YES;
				INFOPLIST_KEY_UIApplicationSupportsIndirectInputEvents = YES;
				INFOPLIST_KEY_UILaunchScreen_Generation = YES;
				INFOPLIST_KEY_UISupportedInterfaceOrientations_iPad = "UIInterfaceOrientationPortrait UIInterfaceOrientationPortraitUpsideDown UIInterfaceOrientationLandscapeLeft UIInterfaceOrientationLandscapeRight";
				INFOPLIST_KEY_UISupportedInterfaceOrientations_iPhone = "UIInterfaceOrientationPortrait UIInterfaceOrientationLandscapeLeft UIInterfaceOrientationLandscapeRight";
				LD_RUNPATH_SEARCH_PATHS = (
					"$(inherited)",
					"@executable_path/Frameworks",
				);
				MARKETING_VERSION = 1.0;
				PRODUCT_BUNDLE_IDENTIFIER = KLM.PaymentDetailsList;
				PRODUCT_NAME = "$(TARGET_NAME)";
				SWIFT_EMIT_LOC_STRINGS = YES;
				SWIFT_VERSION = 5.0;
				TARGETED_DEVICE_FAMILY = "1,2";
			};
			name = Release;
		};
		95CB97E82C90998B004F7C00 /* Debug */ = {
			isa = XCBuildConfiguration;
			buildSettings = {
				ALWAYS_EMBED_SWIFT_STANDARD_LIBRARIES = YES;
				BUNDLE_LOADER = "$(TEST_HOST)";
				CODE_SIGN_STYLE = Automatic;
				CURRENT_PROJECT_VERSION = 1;
				GENERATE_INFOPLIST_FILE = YES;
				IPHONEOS_DEPLOYMENT_TARGET = 17.2;
				MARKETING_VERSION = 1.0;
				PRODUCT_BUNDLE_IDENTIFIER = KLM.PaymentDetailsListTests;
				PRODUCT_NAME = "$(TARGET_NAME)";
				SWIFT_EMIT_LOC_STRINGS = NO;
				SWIFT_VERSION = 5.0;
				TARGETED_DEVICE_FAMILY = "1,2";
				TEST_HOST = "$(BUILT_PRODUCTS_DIR)/PaymentDetailsList.app/$(BUNDLE_EXECUTABLE_FOLDER_PATH)/PaymentDetailsList";
			};
			name = Debug;
		};
		95CB97E92C90998B004F7C00 /* Release */ = {
			isa = XCBuildConfiguration;
			buildSettings = {
				ALWAYS_EMBED_SWIFT_STANDARD_LIBRARIES = YES;
				BUNDLE_LOADER = "$(TEST_HOST)";
				CODE_SIGN_STYLE = Automatic;
				CURRENT_PROJECT_VERSION = 1;
				GENERATE_INFOPLIST_FILE = YES;
				IPHONEOS_DEPLOYMENT_TARGET = 17.2;
				MARKETING_VERSION = 1.0;
				PRODUCT_BUNDLE_IDENTIFIER = KLM.PaymentDetailsListTests;
				PRODUCT_NAME = "$(TARGET_NAME)";
				SWIFT_EMIT_LOC_STRINGS = NO;
				SWIFT_VERSION = 5.0;
				TARGETED_DEVICE_FAMILY = "1,2";
				TEST_HOST = "$(BUILT_PRODUCTS_DIR)/PaymentDetailsList.app/$(BUNDLE_EXECUTABLE_FOLDER_PATH)/PaymentDetailsList";
			};
			name = Release;
		};
		95CB97EB2C90998B004F7C00 /* Debug */ = {
			isa = XCBuildConfiguration;
			buildSettings = {
				ALWAYS_EMBED_SWIFT_STANDARD_LIBRARIES = YES;
				CODE_SIGN_STYLE = Automatic;
				CURRENT_PROJECT_VERSION = 1;
				GENERATE_INFOPLIST_FILE = YES;
				MARKETING_VERSION = 1.0;
				PRODUCT_BUNDLE_IDENTIFIER = KLM.PaymentDetailsListUITests;
				PRODUCT_NAME = "$(TARGET_NAME)";
				SWIFT_EMIT_LOC_STRINGS = NO;
				SWIFT_VERSION = 5.0;
				TARGETED_DEVICE_FAMILY = "1,2";
				TEST_TARGET_NAME = PaymentDetailsList;
			};
			name = Debug;
		};
		95CB97EC2C90998B004F7C00 /* Release */ = {
			isa = XCBuildConfiguration;
			buildSettings = {
				ALWAYS_EMBED_SWIFT_STANDARD_LIBRARIES = YES;
				CODE_SIGN_STYLE = Automatic;
				CURRENT_PROJECT_VERSION = 1;
				GENERATE_INFOPLIST_FILE = YES;
				MARKETING_VERSION = 1.0;
				PRODUCT_BUNDLE_IDENTIFIER = KLM.PaymentDetailsListUITests;
				PRODUCT_NAME = "$(TARGET_NAME)";
				SWIFT_EMIT_LOC_STRINGS = NO;
				SWIFT_VERSION = 5.0;
				TARGETED_DEVICE_FAMILY = "1,2";
				TEST_TARGET_NAME = PaymentDetailsList;
			};
			name = Release;
		};
/* End XCBuildConfiguration section */

/* Begin XCConfigurationList section */
		95CB97BB2C909989004F7C00 /* Build configuration list for PBXProject "PaymentDetailsList" */ = {
			isa = XCConfigurationList;
			buildConfigurations = (
				95CB97E22C90998B004F7C00 /* Debug */,
				95CB97E32C90998B004F7C00 /* Release */,
			);
			defaultConfigurationIsVisible = 0;
			defaultConfigurationName = Release;
		};
		95CB97E42C90998B004F7C00 /* Build configuration list for PBXNativeTarget "PaymentDetailsList" */ = {
			isa = XCConfigurationList;
			buildConfigurations = (
				95CB97E52C90998B004F7C00 /* Debug */,
				95CB97E62C90998B004F7C00 /* Release */,
			);
			defaultConfigurationIsVisible = 0;
			defaultConfigurationName = Release;
		};
		95CB97E72C90998B004F7C00 /* Build configuration list for PBXNativeTarget "PaymentDetailsListTests" */ = {
			isa = XCConfigurationList;
			buildConfigurations = (
				95CB97E82C90998B004F7C00 /* Debug */,
				95CB97E92C90998B004F7C00 /* Release */,
			);
			defaultConfigurationIsVisible = 0;
			defaultConfigurationName = Release;
		};
		95CB97EA2C90998B004F7C00 /* Build configuration list for PBXNativeTarget "PaymentDetailsListUITests" */ = {
			isa = XCConfigurationList;
			buildConfigurations = (
				95CB97EB2C90998B004F7C00 /* Debug */,
				95CB97EC2C90998B004F7C00 /* Release */,
			);
			defaultConfigurationIsVisible = 0;
			defaultConfigurationName = Release;
		};
/* End XCConfigurationList section */
	};
	rootObject = 95CB97B82C909989004F7C00 /* Project object */;
}
